
Microsoft Visual Studio Solution File, Format Version 12.00
# Visual Studio Version 17
VisualStudioVersion = 17.4.33103.184
MinimumVisualStudioVersion = 10.0.40219.1
Project("{FAE04EC0-301F-11D3-BF4B-00C04F79EFBC}") = "Singleton", "DesignPatterns\Singleton.csproj", "{EC99213F-9B1A-40BC-96B5-B58F56E47C48}"
EndProject
Project("{FAE04EC0-301F-11D3-BF4B-00C04F79EFBC}") = "FactoryMethod", "FactoryMethod\FactoryMethod.csproj", "{72178392-54D9-4696-B950-600461246D4D}"
EndProject
Project("{FAE04EC0-301F-11D3-BF4B-00C04F79EFBC}") = "AbstractFactory", "AbstractFactory\AbstractFactory.csproj", "{775B453B-C886-483A-80E8-761B4F269865}"
EndProject
Project("{FAE04EC0-301F-11D3-BF4B-00C04F79EFBC}") = "Prototype", "Prototype\Prototype.csproj", "{474788CB-E8AE-4B02-BD16-8A8BA5DE8417}"
EndProject
Project("{FAE04EC0-301F-11D3-BF4B-00C04F79EFBC}") = "Builder", "Builder\Builder.csproj", "{C448B3E8-349C-4940-9F68-99AD9875A4DF}"
EndProject
Project("{FAE04EC0-301F-11D3-BF4B-00C04F79EFBC}") = "Facade", "Facade\Facade.csproj", "{5CD6937B-590D-459D-922C-B23B48349C90}"
EndProject
Project("{FAE04EC0-301F-11D3-BF4B-00C04F79EFBC}") = "Adapter", "Adapter\Adapter.csproj", "{736BBD80-09D7-43BB-925D-9DA8B03AA2CD}"
EndProject
Project("{FAE04EC0-301F-11D3-BF4B-00C04F79EFBC}") = "Composite", "Composite\Composite.csproj", "{F2ABC6BE-B4DC-43A4-9279-36CBBFBA846D}"
EndProject
Project("{FAE04EC0-301F-11D3-BF4B-00C04F79EFBC}") = "Proxy", "Proxy\Proxy.csproj", "{D1B861B3-3242-4C54-9BA3-3803911B51EB}"
EndProject
Project("{FAE04EC0-301F-11D3-BF4B-00C04F79EFBC}") = "Decorator", "Decorator\Decorator.csproj", "{63310E5D-5FF2-4F93-BF0E-37ABF013084C}"
EndProject
Project("{FAE04EC0-301F-11D3-BF4B-00C04F79EFBC}") = "Bridge", "Bridge\Bridge.csproj", "{36CC6046-ADE4-4AC4-B78E-6A2746848FB8}"
EndProject
Project("{FAE04EC0-301F-11D3-BF4B-00C04F79EFBC}") = "Strategy", "Strategy\Strategy.csproj", "{F8EE5ABA-26D2-4B36-987F-A0DA78EE991B}"
EndProject
Project("{FAE04EC0-301F-11D3-BF4B-00C04F79EFBC}") = "Observer", "Observer\Observer.csproj", "{494BAB50-45DC-4877-AC48-2C32F2FBAC0A}"
EndProject
Project("{FAE04EC0-301F-11D3-BF4B-00C04F79EFBC}") = "ChainOfResponsibility", "ChainOfResponsibility\ChainOfResponsibility.csproj", "{BCA05148-F8BA-4DCC-8AFC-0DE5D7A31A09}"
EndProject
Project("{FAE04EC0-301F-11D3-BF4B-00C04F79EFBC}") = "Memento", "Memento\Memento.csproj", "{09C0B7C3-ED69-411C-A47A-A375E0E68CF5}"
EndProject
Project("{FAE04EC0-301F-11D3-BF4B-00C04F79EFBC}") = "Template", "Template\Template.csproj", "{E3B7CA81-601E-4C91-8EE3-85D1153CD4C0}"
EndProject
Project("{FAE04EC0-301F-11D3-BF4B-00C04F79EFBC}") = "State", "State\State.csproj", "{C20A359B-42BF-463B-9F28-BBEC45ACE41E}"
EndProject
Project("{FAE04EC0-301F-11D3-BF4B-00C04F79EFBC}") = "Mediator", "Mediator\Mediator.csproj", "{0DE74319-0343-468B-A7A0-1348E0593103}"
EndProject
Project("{FAE04EC0-301F-11D3-BF4B-00C04F79EFBC}") = "Command", "Command\Command.csproj", "{DA5DC4A1-E136-4BE6-B566-79E782B8E56E}"
EndProject
Project("{FAE04EC0-301F-11D3-BF4B-00C04F79EFBC}") = "Visitor", "Visitor\Visitor.csproj", "{384C3656-9981-4AC0-911B-058D84F81596}"
EndProject
Project("{FAE04EC0-301F-11D3-BF4B-00C04F79EFBC}") = "DependencyInjection", "DependencyInjection\DependencyInjection.csproj", "{B5591BB6-D762-4287-9A26-973E827FBFB1}"
EndProject
Project("{FAE04EC0-301F-11D3-BF4B-00C04F79EFBC}") = "NullObject", "NullObject\NullObject.csproj", "{6624DF77-E8D8-4C69-9B10-B3DF314D5846}"
EndProject
Project("{FAE04EC0-301F-11D3-BF4B-00C04F79EFBC}") = "Multiton", "Multiton\Multiton.csproj", "{1E430E67-A47B-474B-BE55-C3EF2CA0718E}"
EndProject
Global
	GlobalSection(SolutionConfigurationPlatforms) = preSolution
		Debug|Any CPU = Debug|Any CPU
		Release|Any CPU = Release|Any CPU
	EndGlobalSection
	GlobalSection(ProjectConfigurationPlatforms) = postSolution
		{EC99213F-9B1A-40BC-96B5-B58F56E47C48}.Debug|Any CPU.ActiveCfg = Debug|Any CPU
		{EC99213F-9B1A-40BC-96B5-B58F56E47C48}.Debug|Any CPU.Build.0 = Debug|Any CPU
		{EC99213F-9B1A-40BC-96B5-B58F56E47C48}.Release|Any CPU.ActiveCfg = Release|Any CPU
		{EC99213F-9B1A-40BC-96B5-B58F56E47C48}.Release|Any CPU.Build.0 = Release|Any CPU
		{72178392-54D9-4696-B950-600461246D4D}.Debug|Any CPU.ActiveCfg = Debug|Any CPU
		{72178392-54D9-4696-B950-600461246D4D}.Debug|Any CPU.Build.0 = Debug|Any CPU
		{72178392-54D9-4696-B950-600461246D4D}.Release|Any CPU.ActiveCfg = Release|Any CPU
		{72178392-54D9-4696-B950-600461246D4D}.Release|Any CPU.Build.0 = Release|Any CPU
		{775B453B-C886-483A-80E8-761B4F269865}.Debug|Any CPU.ActiveCfg = Debug|Any CPU
		{775B453B-C886-483A-80E8-761B4F269865}.Debug|Any CPU.Build.0 = Debug|Any CPU
		{775B453B-C886-483A-80E8-761B4F269865}.Release|Any CPU.ActiveCfg = Release|Any CPU
		{775B453B-C886-483A-80E8-761B4F269865}.Release|Any CPU.Build.0 = Release|Any CPU
		{474788CB-E8AE-4B02-BD16-8A8BA5DE8417}.Debug|Any CPU.ActiveCfg = Debug|Any CPU
		{474788CB-E8AE-4B02-BD16-8A8BA5DE8417}.Debug|Any CPU.Build.0 = Debug|Any CPU
		{474788CB-E8AE-4B02-BD16-8A8BA5DE8417}.Release|Any CPU.ActiveCfg = Release|Any CPU
		{474788CB-E8AE-4B02-BD16-8A8BA5DE8417}.Release|Any CPU.Build.0 = Release|Any CPU
		{C448B3E8-349C-4940-9F68-99AD9875A4DF}.Debug|Any CPU.ActiveCfg = Debug|Any CPU
		{C448B3E8-349C-4940-9F68-99AD9875A4DF}.Debug|Any CPU.Build.0 = Debug|Any CPU
		{C448B3E8-349C-4940-9F68-99AD9875A4DF}.Release|Any CPU.ActiveCfg = Release|Any CPU
		{C448B3E8-349C-4940-9F68-99AD9875A4DF}.Release|Any CPU.Build.0 = Release|Any CPU
		{5CD6937B-590D-459D-922C-B23B48349C90}.Debug|Any CPU.ActiveCfg = Debug|Any CPU
		{5CD6937B-590D-459D-922C-B23B48349C90}.Debug|Any CPU.Build.0 = Debug|Any CPU
		{5CD6937B-590D-459D-922C-B23B48349C90}.Release|Any CPU.ActiveCfg = Release|Any CPU
		{5CD6937B-590D-459D-922C-B23B48349C90}.Release|Any CPU.Build.0 = Release|Any CPU
		{736BBD80-09D7-43BB-925D-9DA8B03AA2CD}.Debug|Any CPU.ActiveCfg = Debug|Any CPU
		{736BBD80-09D7-43BB-925D-9DA8B03AA2CD}.Debug|Any CPU.Build.0 = Debug|Any CPU
		{736BBD80-09D7-43BB-925D-9DA8B03AA2CD}.Release|Any CPU.ActiveCfg = Release|Any CPU
		{736BBD80-09D7-43BB-925D-9DA8B03AA2CD}.Release|Any CPU.Build.0 = Release|Any CPU
		{F2ABC6BE-B4DC-43A4-9279-36CBBFBA846D}.Debug|Any CPU.ActiveCfg = Debug|Any CPU
		{F2ABC6BE-B4DC-43A4-9279-36CBBFBA846D}.Debug|Any CPU.Build.0 = Debug|Any CPU
		{F2ABC6BE-B4DC-43A4-9279-36CBBFBA846D}.Release|Any CPU.ActiveCfg = Release|Any CPU
		{F2ABC6BE-B4DC-43A4-9279-36CBBFBA846D}.Release|Any CPU.Build.0 = Release|Any CPU
		{D1B861B3-3242-4C54-9BA3-3803911B51EB}.Debug|Any CPU.ActiveCfg = Debug|Any CPU
		{D1B861B3-3242-4C54-9BA3-3803911B51EB}.Debug|Any CPU.Build.0 = Debug|Any CPU
		{D1B861B3-3242-4C54-9BA3-3803911B51EB}.Release|Any CPU.ActiveCfg = Release|Any CPU
		{D1B861B3-3242-4C54-9BA3-3803911B51EB}.Release|Any CPU.Build.0 = Release|Any CPU
		{63310E5D-5FF2-4F93-BF0E-37ABF013084C}.Debug|Any CPU.ActiveCfg = Debug|Any CPU
		{63310E5D-5FF2-4F93-BF0E-37ABF013084C}.Debug|Any CPU.Build.0 = Debug|Any CPU
		{63310E5D-5FF2-4F93-BF0E-37ABF013084C}.Release|Any CPU.ActiveCfg = Release|Any CPU
		{63310E5D-5FF2-4F93-BF0E-37ABF013084C}.Release|Any CPU.Build.0 = Release|Any CPU
		{36CC6046-ADE4-4AC4-B78E-6A2746848FB8}.Debug|Any CPU.ActiveCfg = Debug|Any CPU
		{36CC6046-ADE4-4AC4-B78E-6A2746848FB8}.Debug|Any CPU.Build.0 = Debug|Any CPU
		{36CC6046-ADE4-4AC4-B78E-6A2746848FB8}.Release|Any CPU.ActiveCfg = Release|Any CPU
		{36CC6046-ADE4-4AC4-B78E-6A2746848FB8}.Release|Any CPU.Build.0 = Release|Any CPU
		{F8EE5ABA-26D2-4B36-987F-A0DA78EE991B}.Debug|Any CPU.ActiveCfg = Debug|Any CPU
		{F8EE5ABA-26D2-4B36-987F-A0DA78EE991B}.Debug|Any CPU.Build.0 = Debug|Any CPU
		{F8EE5ABA-26D2-4B36-987F-A0DA78EE991B}.Release|Any CPU.ActiveCfg = Release|Any CPU
		{F8EE5ABA-26D2-4B36-987F-A0DA78EE991B}.Release|Any CPU.Build.0 = Release|Any CPU
		{494BAB50-45DC-4877-AC48-2C32F2FBAC0A}.Debug|Any CPU.ActiveCfg = Debug|Any CPU
		{494BAB50-45DC-4877-AC48-2C32F2FBAC0A}.Debug|Any CPU.Build.0 = Debug|Any CPU
		{494BAB50-45DC-4877-AC48-2C32F2FBAC0A}.Release|Any CPU.ActiveCfg = Release|Any CPU
		{494BAB50-45DC-4877-AC48-2C32F2FBAC0A}.Release|Any CPU.Build.0 = Release|Any CPU
		{BCA05148-F8BA-4DCC-8AFC-0DE5D7A31A09}.Debug|Any CPU.ActiveCfg = Debug|Any CPU
		{BCA05148-F8BA-4DCC-8AFC-0DE5D7A31A09}.Debug|Any CPU.Build.0 = Debug|Any CPU
		{BCA05148-F8BA-4DCC-8AFC-0DE5D7A31A09}.Release|Any CPU.ActiveCfg = Release|Any CPU
		{BCA05148-F8BA-4DCC-8AFC-0DE5D7A31A09}.Release|Any CPU.Build.0 = Release|Any CPU
		{09C0B7C3-ED69-411C-A47A-A375E0E68CF5}.Debug|Any CPU.ActiveCfg = Debug|Any CPU
		{09C0B7C3-ED69-411C-A47A-A375E0E68CF5}.Debug|Any CPU.Build.0 = Debug|Any CPU
		{09C0B7C3-ED69-411C-A47A-A375E0E68CF5}.Release|Any CPU.ActiveCfg = Release|Any CPU
		{09C0B7C3-ED69-411C-A47A-A375E0E68CF5}.Release|Any CPU.Build.0 = Release|Any CPU
		{E3B7CA81-601E-4C91-8EE3-85D1153CD4C0}.Debug|Any CPU.ActiveCfg = Debug|Any CPU
		{E3B7CA81-601E-4C91-8EE3-85D1153CD4C0}.Debug|Any CPU.Build.0 = Debug|Any CPU
		{E3B7CA81-601E-4C91-8EE3-85D1153CD4C0}.Release|Any CPU.ActiveCfg = Release|Any CPU
		{E3B7CA81-601E-4C91-8EE3-85D1153CD4C0}.Release|Any CPU.Build.0 = Release|Any CPU
		{C20A359B-42BF-463B-9F28-BBEC45ACE41E}.Debug|Any CPU.ActiveCfg = Debug|Any CPU
		{C20A359B-42BF-463B-9F28-BBEC45ACE41E}.Debug|Any CPU.Build.0 = Debug|Any CPU
		{C20A359B-42BF-463B-9F28-BBEC45ACE41E}.Release|Any CPU.ActiveCfg = Release|Any CPU
		{C20A359B-42BF-463B-9F28-BBEC45ACE41E}.Release|Any CPU.Build.0 = Release|Any CPU
		{0DE74319-0343-468B-A7A0-1348E0593103}.Debug|Any CPU.ActiveCfg = Debug|Any CPU
		{0DE74319-0343-468B-A7A0-1348E0593103}.Debug|Any CPU.Build.0 = Debug|Any CPU
		{0DE74319-0343-468B-A7A0-1348E0593103}.Release|Any CPU.ActiveCfg = Release|Any CPU
		{0DE74319-0343-468B-A7A0-1348E0593103}.Release|Any CPU.Build.0 = Release|Any CPU
		{DA5DC4A1-E136-4BE6-B566-79E782B8E56E}.Debug|Any CPU.ActiveCfg = Debug|Any CPU
		{DA5DC4A1-E136-4BE6-B566-79E782B8E56E}.Debug|Any CPU.Build.0 = Debug|Any CPU
		{DA5DC4A1-E136-4BE6-B566-79E782B8E56E}.Release|Any CPU.ActiveCfg = Release|Any CPU
		{DA5DC4A1-E136-4BE6-B566-79E782B8E56E}.Release|Any CPU.Build.0 = Release|Any CPU
		{384C3656-9981-4AC0-911B-058D84F81596}.Debug|Any CPU.ActiveCfg = Debug|Any CPU
		{384C3656-9981-4AC0-911B-058D84F81596}.Debug|Any CPU.Build.0 = Debug|Any CPU
		{384C3656-9981-4AC0-911B-058D84F81596}.Release|Any CPU.ActiveCfg = Release|Any CPU
		{384C3656-9981-4AC0-911B-058D84F81596}.Release|Any CPU.Build.0 = Release|Any CPU
		{B5591BB6-D762-4287-9A26-973E827FBFB1}.Debug|Any CPU.ActiveCfg = Debug|Any CPU
		{B5591BB6-D762-4287-9A26-973E827FBFB1}.Debug|Any CPU.Build.0 = Debug|Any CPU
		{B5591BB6-D762-4287-9A26-973E827FBFB1}.Release|Any CPU.ActiveCfg = Release|Any CPU
		{B5591BB6-D762-4287-9A26-973E827FBFB1}.Release|Any CPU.Build.0 = Release|Any CPU
		{6624DF77-E8D8-4C69-9B10-B3DF314D5846}.Debug|Any CPU.ActiveCfg = Debug|Any CPU
		{6624DF77-E8D8-4C69-9B10-B3DF314D5846}.Debug|Any CPU.Build.0 = Debug|Any CPU
		{6624DF77-E8D8-4C69-9B10-B3DF314D5846}.Release|Any CPU.ActiveCfg = Release|Any CPU
		{6624DF77-E8D8-4C69-9B10-B3DF314D5846}.Release|Any CPU.Build.0 = Release|Any CPU
		{1E430E67-A47B-474B-BE55-C3EF2CA0718E}.Debug|Any CPU.ActiveCfg = Debug|Any CPU
		{1E430E67-A47B-474B-BE55-C3EF2CA0718E}.Debug|Any CPU.Build.0 = Debug|Any CPU
		{1E430E67-A47B-474B-BE55-C3EF2CA0718E}.Release|Any CPU.ActiveCfg = Release|Any CPU
		{1E430E67-A47B-474B-BE55-C3EF2CA0718E}.Release|Any CPU.Build.0 = Release|Any CPU
	EndGlobalSection
	GlobalSection(SolutionProperties) = preSolution
		HideSolutionNode = FALSE
	EndGlobalSection
	GlobalSection(ExtensibilityGlobals) = postSolution
		SolutionGuid = {D20B4633-BE91-41C7-8381-6CDB4F787FF7}
	EndGlobalSection
EndGlobal
